// !$*UTF8*$!
{
	archiveVersion = 1;
	classes = {
	};
	objectVersion = 46;
	objects = {

/* Begin PBXBuildFile section */
		11F27D63A4F1C912C15356C6 /* TimeBuddyStoreTests.swift in Sources */ = {isa = PBXBuildFile; fileRef = 65919FC6F41000EBADE5B564 /* TimeBuddyStoreTests.swift */; };
		1C6E883E368C1BBEEC540B07 /* TimeBuddyStore.swift in Sources */ = {isa = PBXBuildFile; fileRef = 12DC1C9D746AA2CBA699BB44 /* TimeBuddyStore.swift */; };
		2CFE1242BD926694220938A3 /* SettingsView.swift in Sources */ = {isa = PBXBuildFile; fileRef = CD7388ACE24644D3E864EE19 /* SettingsView.swift */; };
		39A4C69F1EBA0BE50F9121CE /* ManageLocationsView.swift in Sources */ = {isa = PBXBuildFile; fileRef = 60A469005946E93F6D7F697D /* ManageLocationsView.swift */; };
		3C316B48A411A78894C4C39D /* AppView.swift in Sources */ = {isa = PBXBuildFile; fileRef = CFC666D9F79B3F39B18591B9 /* AppView.swift */; };
		42FD81D5EB3A4C11AC2157A2 /* TimeBoardView.swift in Sources */ = {isa = PBXBuildFile; fileRef = CDEF3B4F0E5B052B6CF0F3FF /* TimeBoardView.swift */; };
		49867034BB7AFC8DD96BBFF1 /* MeetingFormatter.swift in Sources */ = {isa = PBXBuildFile; fileRef = 21C2DBC276D0E88230559543 /* MeetingFormatter.swift */; };
		6830566B57F6409DE95E1653 /* TimeZoneCatalog.swift in Sources */ = {isa = PBXBuildFile; fileRef = D03595B03A904D005BAB45DB /* TimeZoneCatalog.swift */; };
		757DBE99EFAD274F72025B8B /* BuddyLocation.swift in Sources */ = {isa = PBXBuildFile; fileRef = E7292CE4E13D07AF6BDAFA19 /* BuddyLocation.swift */; };
		91BF4F1634400FDFF92D7CA4 /* Foundation.framework in Frameworks */ = {isa = PBXBuildFile; fileRef = DFF0E1AD10786D012A19318E /* Foundation.framework */; };
		B958206757AE9FB282181C31 /* MyTimeBuddyApp.swift in Sources */ = {isa = PBXBuildFile; fileRef = 470BF492CF85867BAF1D0174 /* MyTimeBuddyApp.swift */; };
		BDEE3D306A489E9338E0932C /* AddLocationView.swift in Sources */ = {isa = PBXBuildFile; fileRef = 3D4571050265AC7672D19C83 /* AddLocationView.swift */; };
		EFD8D37E23993DC833CF6636 /* MarketSession.swift in Sources */ = {isa = PBXBuildFile; fileRef = 22CDC00B3EF2231DA1006F1F /* MarketSession.swift */; };
		F3AD707B32039CE288FCB572 /* HourFormat.swift in Sources */ = {isa = PBXBuildFile; fileRef = 6316B834F2249F2034897E24 /* HourFormat.swift */; };
		F71C78F76CF4702A944E0E84 /* Foundation.framework in Frameworks */ = {isa = PBXBuildFile; fileRef = DFF0E1AD10786D012A19318E /* Foundation.framework */; };
/* End PBXBuildFile section */

/* Begin PBXContainerItemProxy section */
		1491602D84DF2EF4C29790CC /* PBXContainerItemProxy */ = {
			isa = PBXContainerItemProxy;
			containerPortal = 17940DE5FE9FA486B0BAB4D9 /* Project object */;
			proxyType = 1;
			remoteGlobalIDString = 3F0DA38D9296CD239AB25DC6;
			remoteInfo = MyTimeBuddy;
		};
/* End PBXContainerItemProxy section */

/* Begin PBXFileReference section */
		060FFAB1C5D989E415AC89AD /* MyTimeBuddyTests.xctest */ = {isa = PBXFileReference; explicitFileType = wrapper.cfbundle; includeInIndex = 0; path = MyTimeBuddyTests.xctest; sourceTree = BUILT_PRODUCTS_DIR; };
		12DC1C9D746AA2CBA699BB44 /* TimeBuddyStore.swift */ = {isa = PBXFileReference; includeInIndex = 1; lastKnownFileType = sourcecode.swift; name = TimeBuddyStore.swift; path = MyTimeBuddy/Models/TimeBuddyStore.swift; sourceTree = "<group>"; };
		21C2DBC276D0E88230559543 /* MeetingFormatter.swift */ = {isa = PBXFileReference; includeInIndex = 1; lastKnownFileType = sourcecode.swift; name = MeetingFormatter.swift; path = MyTimeBuddy/Models/MeetingFormatter.swift; sourceTree = "<group>"; };
		22CDC00B3EF2231DA1006F1F /* MarketSession.swift */ = {isa = PBXFileReference; includeInIndex = 1; lastKnownFileType = sourcecode.swift; name = MarketSession.swift; path = MyTimeBuddy/Models/MarketSession.swift; sourceTree = "<group>"; };
		3D4571050265AC7672D19C83 /* AddLocationView.swift */ = {isa = PBXFileReference; includeInIndex = 1; lastKnownFileType = sourcecode.swift; name = AddLocationView.swift; path = MyTimeBuddy/Views/AddLocationView.swift; sourceTree = "<group>"; };
		470BF492CF85867BAF1D0174 /* MyTimeBuddyApp.swift */ = {isa = PBXFileReference; includeInIndex = 1; lastKnownFileType = sourcecode.swift; name = MyTimeBuddyApp.swift; path = MyTimeBuddy/MyTimeBuddyApp.swift; sourceTree = "<group>"; };
		60A469005946E93F6D7F697D /* ManageLocationsView.swift */ = {isa = PBXFileReference; includeInIndex = 1; lastKnownFileType = sourcecode.swift; name = ManageLocationsView.swift; path = MyTimeBuddy/Views/ManageLocationsView.swift; sourceTree = "<group>"; };
		6316B834F2249F2034897E24 /* HourFormat.swift */ = {isa = PBXFileReference; includeInIndex = 1; lastKnownFileType = sourcecode.swift; name = HourFormat.swift; path = MyTimeBuddy/Models/HourFormat.swift; sourceTree = "<group>"; };
		65919FC6F41000EBADE5B564 /* TimeBuddyStoreTests.swift */ = {isa = PBXFileReference; includeInIndex = 1; lastKnownFileType = sourcecode.swift; name = TimeBuddyStoreTests.swift; path = MyTimeBuddyTests/TimeBuddyStoreTests.swift; sourceTree = "<group>"; };
		CD7388ACE24644D3E864EE19 /* SettingsView.swift */ = {isa = PBXFileReference; includeInIndex = 1; lastKnownFileType = sourcecode.swift; name = SettingsView.swift; path = MyTimeBuddy/Views/SettingsView.swift; sourceTree = "<group>"; };
		CDEF3B4F0E5B052B6CF0F3FF /* TimeBoardView.swift */ = {isa = PBXFileReference; includeInIndex = 1; lastKnownFileType = sourcecode.swift; name = TimeBoardView.swift; path = MyTimeBuddy/Views/TimeBoardView.swift; sourceTree = "<group>"; };
		CFC666D9F79B3F39B18591B9 /* AppView.swift */ = {isa = PBXFileReference; includeInIndex = 1; lastKnownFileType = sourcecode.swift; name = AppView.swift; path = MyTimeBuddy/AppView.swift; sourceTree = "<group>"; };
		D03595B03A904D005BAB45DB /* TimeZoneCatalog.swift */ = {isa = PBXFileReference; includeInIndex = 1; lastKnownFileType = sourcecode.swift; name = TimeZoneCatalog.swift; path = MyTimeBuddy/Models/TimeZoneCatalog.swift; sourceTree = "<group>"; };
		D319BBA98CD864E5AE066EB0 /* MyTimeBuddy.app */ = {isa = PBXFileReference; explicitFileType = wrapper.application; includeInIndex = 0; path = MyTimeBuddy.app; sourceTree = BUILT_PRODUCTS_DIR; };
		DFF0E1AD10786D012A19318E /* Foundation.framework */ = {isa = PBXFileReference; lastKnownFileType = wrapper.framework; name = Foundation.framework; path = Platforms/iPhoneOS.platform/Developer/SDKs/iPhoneOS18.0.sdk/System/Library/Frameworks/Foundation.framework; sourceTree = DEVELOPER_DIR; };
		E7292CE4E13D07AF6BDAFA19 /* BuddyLocation.swift */ = {isa = PBXFileReference; includeInIndex = 1; lastKnownFileType = sourcecode.swift; name = BuddyLocation.swift; path = MyTimeBuddy/Models/BuddyLocation.swift; sourceTree = "<group>"; };
/* End PBXFileReference section */

/* Begin PBXFrameworksBuildPhase section */
		E54A088C100E284D8AA528A6 /* Frameworks */ = {
			isa = PBXFrameworksBuildPhase;
			buildActionMask = 2147483647;
			files = (
				91BF4F1634400FDFF92D7CA4 /* Foundation.framework in Frameworks */,
			);
			runOnlyForDeploymentPostprocessing = 0;
		};
		EA70AF258FE6219DADCB84A4 /* Frameworks */ = {
			isa = PBXFrameworksBuildPhase;
			buildActionMask = 2147483647;
			files = (
				F71C78F76CF4702A944E0E84 /* Foundation.framework in Frameworks */,
			);
			runOnlyForDeploymentPostprocessing = 0;
		};
/* End PBXFrameworksBuildPhase section */

/* Begin PBXGroup section */
		049C479937141A30A23852F3 /* Products */ = {
			isa = PBXGroup;
			children = (
				D319BBA98CD864E5AE066EB0 /* MyTimeBuddy.app */,
				060FFAB1C5D989E415AC89AD /* MyTimeBuddyTests.xctest */,
			);
			name = Products;
			sourceTree = "<group>";
		};
		0765EA35BA2F8563F479CBE7 /* MyTimeBuddy */ = {
			isa = PBXGroup;
			children = (
				CFC666D9F79B3F39B18591B9 /* AppView.swift */,
				E7292CE4E13D07AF6BDAFA19 /* BuddyLocation.swift */,
				6316B834F2249F2034897E24 /* HourFormat.swift */,
				22CDC00B3EF2231DA1006F1F /* MarketSession.swift */,
				21C2DBC276D0E88230559543 /* MeetingFormatter.swift */,
				12DC1C9D746AA2CBA699BB44 /* TimeBuddyStore.swift */,
				D03595B03A904D005BAB45DB /* TimeZoneCatalog.swift */,
				470BF492CF85867BAF1D0174 /* MyTimeBuddyApp.swift */,
				3D4571050265AC7672D19C83 /* AddLocationView.swift */,
				60A469005946E93F6D7F697D /* ManageLocationsView.swift */,
				CD7388ACE24644D3E864EE19 /* SettingsView.swift */,
				CDEF3B4F0E5B052B6CF0F3FF /* TimeBoardView.swift */,
			);
			name = MyTimeBuddy;
			path = MyTimeBuddy;
			sourceTree = "<group>";
		};
		1CA96BF8AAB9E84A7D14B217 /* MyTimeBuddyTests */ = {
			isa = PBXGroup;
			children = (
				65919FC6F41000EBADE5B564 /* TimeBuddyStoreTests.swift */,
			);
			name = MyTimeBuddyTests;
			path = MyTimeBuddyTests;
			sourceTree = "<group>";
		};
		4711A9ED8E391198507E11FC /* Frameworks */ = {
			isa = PBXGroup;
			children = (
				6532D7611F704769DDF8D824 /* iOS */,
			);
			name = Frameworks;
			sourceTree = "<group>";
		};
		6532D7611F704769DDF8D824 /* iOS */ = {
			isa = PBXGroup;
			children = (
				DFF0E1AD10786D012A19318E /* Foundation.framework */,
			);
			name = iOS;
			sourceTree = "<group>";
		};
		C3070D3F5DA9CCCC7F298AEB = {
			isa = PBXGroup;
			children = (
				049C479937141A30A23852F3 /* Products */,
				4711A9ED8E391198507E11FC /* Frameworks */,
				0765EA35BA2F8563F479CBE7 /* MyTimeBuddy */,
				1CA96BF8AAB9E84A7D14B217 /* MyTimeBuddyTests */,
			);
			sourceTree = "<group>";
		};
/* End PBXGroup section */

/* Begin PBXNativeTarget section */
		3F0DA38D9296CD239AB25DC6 /* MyTimeBuddy */ = {
			isa = PBXNativeTarget;
			buildConfigurationList = 4CA23622B00171C91EE2E3AE /* Build configuration list for PBXNativeTarget "MyTimeBuddy" */;
			buildPhases = (
				FE02688ECC61028F3A40B438 /* Sources */,
				E54A088C100E284D8AA528A6 /* Frameworks */,
				6886A0763A805BD4FAAFE6DD /* Resources */,
			);
			buildRules = (
			);
			dependencies = (
			);
			name = MyTimeBuddy;
			productName = MyTimeBuddy;
			productReference = D319BBA98CD864E5AE066EB0 /* MyTimeBuddy.app */;
			productType = "com.apple.product-type.application";
		};
		E65F33BB2DA35FE26554D78E /* MyTimeBuddyTests */ = {
			isa = PBXNativeTarget;
			buildConfigurationList = C6825F54ED6AFE0F33E704CD /* Build configuration list for PBXNativeTarget "MyTimeBuddyTests" */;
			buildPhases = (
				01F89ACF307393C431893B03 /* Sources */,
				EA70AF258FE6219DADCB84A4 /* Frameworks */,
				C5AB585C27AD09C30E925E17 /* Resources */,
			);
			buildRules = (
			);
			dependencies = (
				B32FEEF4CF1C086957A71AB9 /* PBXTargetDependency */,
			);
			name = MyTimeBuddyTests;
			productName = MyTimeBuddyTests;
			productReference = 060FFAB1C5D989E415AC89AD /* MyTimeBuddyTests.xctest */;
			productType = "com.apple.product-type.bundle.unit-test";
		};
/* End PBXNativeTarget section */

/* Begin PBXProject section */
		17940DE5FE9FA486B0BAB4D9 /* Project object */ = {
			isa = PBXProject;
			attributes = {
				LastSwiftUpdateCheck = 1600;
				LastUpgradeCheck = 1600;
			};
			buildConfigurationList = D2943B83198BEA97EDD0B0F8 /* Build configuration list for PBXProject "MyTimeBuddy" */;
			compatibilityVersion = "Xcode 3.2";
			developmentRegion = en;
			hasScannedForEncodings = 0;
			knownRegions = (
				en,
				Base,
			);
			mainGroup = C3070D3F5DA9CCCC7F298AEB;
			minimizedProjectReferenceProxies = 0;
			preferredProjectObjectVersion = 77;
			productRefGroup = 049C479937141A30A23852F3 /* Products */;
			projectDirPath = "";
			projectRoot = "";
			targets = (
				3F0DA38D9296CD239AB25DC6 /* MyTimeBuddy */,
				E65F33BB2DA35FE26554D78E /* MyTimeBuddyTests */,
			);
		};
/* End PBXProject section */

/* Begin PBXResourcesBuildPhase section */
		6886A0763A805BD4FAAFE6DD /* Resources */ = {
			isa = PBXResourcesBuildPhase;
			buildActionMask = 2147483647;
			files = (
			);
			runOnlyForDeploymentPostprocessing = 0;
		};
		C5AB585C27AD09C30E925E17 /* Resources */ = {
			isa = PBXResourcesBuildPhase;
			buildActionMask = 2147483647;
			files = (
			);
			runOnlyForDeploymentPostprocessing = 0;
		};
/* End PBXResourcesBuildPhase section */

/* Begin PBXSourcesBuildPhase section */
		01F89ACF307393C431893B03 /* Sources */ = {
			isa = PBXSourcesBuildPhase;
			buildActionMask = 2147483647;
			files = (
				11F27D63A4F1C912C15356C6 /* TimeBuddyStoreTests.swift in Sources */,
			);
			runOnlyForDeploymentPostprocessing = 0;
		};
		FE02688ECC61028F3A40B438 /* Sources */ = {
			isa = PBXSourcesBuildPhase;
			buildActionMask = 2147483647;
			files = (
				3C316B48A411A78894C4C39D /* AppView.swift in Sources */,
				757DBE99EFAD274F72025B8B /* BuddyLocation.swift in Sources */,
				F3AD707B32039CE288FCB572 /* HourFormat.swift in Sources */,
				EFD8D37E23993DC833CF6636 /* MarketSession.swift in Sources */,
				49867034BB7AFC8DD96BBFF1 /* MeetingFormatter.swift in Sources */,
				1C6E883E368C1BBEEC540B07 /* TimeBuddyStore.swift in Sources */,
				6830566B57F6409DE95E1653 /* TimeZoneCatalog.swift in Sources */,
				B958206757AE9FB282181C31 /* MyTimeBuddyApp.swift in Sources */,
				BDEE3D306A489E9338E0932C /* AddLocationView.swift in Sources */,
				39A4C69F1EBA0BE50F9121CE /* ManageLocationsView.swift in Sources */,
				2CFE1242BD926694220938A3 /* SettingsView.swift in Sources */,
				42FD81D5EB3A4C11AC2157A2 /* TimeBoardView.swift in Sources */,
			);
			runOnlyForDeploymentPostprocessing = 0;
		};
/* End PBXSourcesBuildPhase section */

/* Begin PBXTargetDependency section */
		B32FEEF4CF1C086957A71AB9 /* PBXTargetDependency */ = {
			isa = PBXTargetDependency;
			name = MyTimeBuddy;
			target = 3F0DA38D9296CD239AB25DC6 /* MyTimeBuddy */;
			targetProxy = 1491602D84DF2EF4C29790CC /* PBXContainerItemProxy */;
		};
/* End PBXTargetDependency section */

/* Begin XCBuildConfiguration section */
		2EACB911778777AFDB84B6D1 /* Release */ = {
			isa = XCBuildConfiguration;
			buildSettings = {
				ASSETCATALOG_COMPILER_APPICON_NAME = "";
				ASSETCATALOG_COMPILER_GLOBAL_ACCENT_COLOR_NAME = AccentColor;
				CLANG_ANALYZER_NONNULL = YES;
				CLANG_ANALYZER_NUMBER_OBJECT_CONVERSION = YES_AGGRESSIVE;
				CLANG_CXX_LANGUAGE_STANDARD = "gnu++20";
				CLANG_ENABLE_MODULES = YES;
				CLANG_ENABLE_OBJC_ARC = YES;
				CLANG_ENABLE_OBJC_WEAK = YES;
				CLANG_WARN_BLOCK_CAPTURE_AUTORELEASING = YES;
				CLANG_WARN_BOOL_CONVERSION = YES;
				CLANG_WARN_COMMA = YES;
				CLANG_WARN_CONSTANT_CONVERSION = YES;
				CLANG_WARN_DEPRECATED_OBJC_IMPLEMENTATIONS = YES;
				CLANG_WARN_DIRECT_OBJC_ISA_USAGE = YES_ERROR;
				CLANG_WARN_DOCUMENTATION_COMMENTS = YES;
				CLANG_WARN_EMPTY_BODY = YES;
				CLANG_WARN_ENUM_CONVERSION = YES;
				CLANG_WARN_INFINITE_RECURSION = YES;
				CLANG_WARN_INT_CONVERSION = YES;
				CLANG_WARN_NON_LITERAL_NULL_CONVERSION = YES;
				CLANG_WARN_OBJC_IMPLICIT_RETAIN_SELF = YES;
				CLANG_WARN_OBJC_LITERAL_CONVERSION = YES;
				CLANG_WARN_OBJC_ROOT_CLASS = YES_ERROR;
				CLANG_WARN_QUOTED_INCLUDE_IN_FRAMEWORK_HEADER = YES;
				CLANG_WARN_RANGE_LOOP_ANALYSIS = YES;
				CLANG_WARN_STRICT_PROTOTYPES = YES;
				CLANG_WARN_SUSPICIOUS_MOVE = YES;
				CLANG_WARN_UNGUARDED_AVAILABILITY = YES_AGGRESSIVE;
				CLANG_WARN_UNREACHABLE_CODE = YES;
				CLANG_WARN__DUPLICATE_METHOD_MATCH = YES;
				CODE_SIGN_STYLE = Automatic;
				COPY_PHASE_STRIP = NO;
				CURRENT_PROJECT_VERSION = 1;
				DEBUG_INFORMATION_FORMAT = dwarf;
				DEVELOPMENT_TEAM = "";
				ENABLE_STRICT_OBJC_MSGSEND = YES;
				ENABLE_TESTABILITY = NO;
				GCC_C_LANGUAGE_STANDARD = gnu17;
				GCC_NO_COMMON_BLOCKS = YES;
				GCC_WARN_64_TO_32_BIT_CONVERSION = YES;
				GCC_WARN_ABOUT_RETURN_TYPE = YES_ERROR;
				GCC_WARN_UNDECLARED_SELECTOR = YES;
				GCC_WARN_UNINITIALIZED_AUTOS = YES_AGGRESSIVE;
				GCC_WARN_UNUSED_FUNCTION = YES;
				GCC_WARN_UNUSED_VARIABLE = YES;
				GENERATE_INFOPLIST_FILE = YES;
				INFOPLIST_KEY_CFBundleDisplayName = "My Time Buddy";
				INFOPLIST_KEY_LSApplicationCategoryType = "public.app-category.productivity";
				INFOPLIST_KEY_UIApplicationSupportsIndirectInputEvents = YES;
				INFOPLIST_KEY_UILaunchScreen_Generation = YES;
				INFOPLIST_KEY_UISupportedInterfaceOrientations = "UIInterfaceOrientationPortrait UIInterfaceOrientationLandscapeLeft UIInterfaceOrientationLandscapeRight";
				IPHONEOS_DEPLOYMENT_TARGET = 17.0;
				LD_RUNPATH_SEARCH_PATHS = "$(inherited) @executable_path/Frameworks";
				MARKETING_VERSION = 0.1.0;
				PRODUCT_BUNDLE_IDENTIFIER = tools.xyzzy.mytimebuddy;
				PRODUCT_NAME = "$(TARGET_NAME)";
				SDKROOT = iphoneos;
				SUPPORTED_PLATFORMS = "iphoneos iphonesimulator";
				SUPPORTS_MACCATALYST = NO;
				SUPPORTS_MAC_DESIGNED_FOR_IPHONE_IPAD = NO;
				SWIFT_VERSION = 6.0;
				TARGETED_DEVICE_FAMILY = 1;
				VALIDATE_PRODUCT = YES;
			};
			name = Release;
		};
		4FBBB1356DF51B3EDAB43F60 /* Debug */ = {
			isa = XCBuildConfiguration;
			buildSettings = {
				ASSETCATALOG_COMPILER_APPICON_NAME = "";
				ASSETCATALOG_COMPILER_GLOBAL_ACCENT_COLOR_NAME = AccentColor;
				CLANG_ANALYZER_NONNULL = YES;
				CLANG_ANALYZER_NUMBER_OBJECT_CONVERSION = YES_AGGRESSIVE;
				CLANG_CXX_LANGUAGE_STANDARD = "gnu++20";
				CLANG_ENABLE_MODULES = YES;
				CLANG_ENABLE_OBJC_ARC = YES;
				CLANG_ENABLE_OBJC_WEAK = YES;
				CLANG_WARN_BLOCK_CAPTURE_AUTORELEASING = YES;
				CLANG_WARN_BOOL_CONVERSION = YES;
				CLANG_WARN_COMMA = YES;
				CLANG_WARN_CONSTANT_CONVERSION = YES;
				CLANG_WARN_DEPRECATED_OBJC_IMPLEMENTATIONS = YES;
				CLANG_WARN_DIRECT_OBJC_ISA_USAGE = YES_ERROR;
				CLANG_WARN_DOCUMENTATION_COMMENTS = YES;
				CLANG_WARN_EMPTY_BODY = YES;
				CLANG_WARN_ENUM_CONVERSION = YES;
				CLANG_WARN_INFINITE_RECURSION = YES;
				CLANG_WARN_INT_CONVERSION = YES;
				CLANG_WARN_NON_LITERAL_NULL_CONVERSION = YES;
				CLANG_WARN_OBJC_IMPLICIT_RETAIN_SELF = YES;
				CLANG_WARN_OBJC_LITERAL_CONVERSION = YES;
				CLANG_WARN_OBJC_ROOT_CLASS = YES_ERROR;
				CLANG_WARN_QUOTED_INCLUDE_IN_FRAMEWORK_HEADER = YES;
				CLANG_WARN_RANGE_LOOP_ANALYSIS = YES;
				CLANG_WARN_STRICT_PROTOTYPES = YES;
				CLANG_WARN_SUSPICIOUS_MOVE = YES;
				CLANG_WARN_UNGUARDED_AVAILABILITY = YES_AGGRESSIVE;
				CLANG_WARN_UNREACHABLE_CODE = YES;
				CLANG_WARN__DUPLICATE_METHOD_MATCH = YES;
				CODE_SIGN_STYLE = Automatic;
				COPY_PHASE_STRIP = NO;
				CURRENT_PROJECT_VERSION = 1;
				DEBUG_INFORMATION_FORMAT = dwarf;
				DEVELOPMENT_TEAM = "";
				ENABLE_STRICT_OBJC_MSGSEND = YES;
				ENABLE_TESTABILITY = YES;
				GCC_C_LANGUAGE_STANDARD = gnu17;
				GCC_NO_COMMON_BLOCKS = YES;
				GCC_WARN_64_TO_32_BIT_CONVERSION = YES;
				GCC_WARN_ABOUT_RETURN_TYPE = YES_ERROR;
				GCC_WARN_UNDECLARED_SELECTOR = YES;
				GCC_WARN_UNINITIALIZED_AUTOS = YES_AGGRESSIVE;
				GCC_WARN_UNUSED_FUNCTION = YES;
				GCC_WARN_UNUSED_VARIABLE = YES;
				GENERATE_INFOPLIST_FILE = YES;
				INFOPLIST_KEY_CFBundleDisplayName = "My Time Buddy";
				INFOPLIST_KEY_LSApplicationCategoryType = "public.app-category.productivity";
				INFOPLIST_KEY_UIApplicationSupportsIndirectInputEvents = YES;
				INFOPLIST_KEY_UILaunchScreen_Generation = YES;
				INFOPLIST_KEY_UISupportedInterfaceOrientations = "UIInterfaceOrientationPortrait UIInterfaceOrientationLandscapeLeft UIInterfaceOrientationLandscapeRight";
				IPHONEOS_DEPLOYMENT_TARGET = 17.0;
				LD_RUNPATH_SEARCH_PATHS = "$(inherited) @executable_path/Frameworks";
				MARKETING_VERSION = 0.1.0;
				PRODUCT_BUNDLE_IDENTIFIER = tools.xyzzy.mytimebuddy;
				PRODUCT_NAME = "$(TARGET_NAME)";
				SDKROOT = iphoneos;
				SUPPORTED_PLATFORMS = "iphoneos iphonesimulator";
				SUPPORTS_MACCATALYST = NO;
				SUPPORTS_MAC_DESIGNED_FOR_IPHONE_IPAD = NO;
				SWIFT_VERSION = 6.0;
				TARGETED_DEVICE_FAMILY = 1;
			};
			name = Debug;
		};
		574F491E4D148A2F534E0A6E /* Release */ = {
			isa = XCBuildConfiguration;
			buildSettings = {
				ALWAYS_SEARCH_USER_PATHS = NO;
				CLANG_ANALYZER_NONNULL = YES;
				CLANG_ANALYZER_NUMBER_OBJECT_CONVERSION = YES_AGGRESSIVE;
				CLANG_CXX_LANGUAGE_STANDARD = "gnu++14";
				CLANG_CXX_LIBRARY = "libc++";
				CLANG_ENABLE_MODULES = YES;
				CLANG_ENABLE_OBJC_ARC = YES;
				CLANG_ENABLE_OBJC_WEAK = YES;
				CLANG_WARN_BLOCK_CAPTURE_AUTORELEASING = YES;
				CLANG_WARN_BOOL_CONVERSION = YES;
				CLANG_WARN_COMMA = YES;
				CLANG_WARN_CONSTANT_CONVERSION = YES;
				CLANG_WARN_DEPRECATED_OBJC_IMPLEMENTATIONS = YES;
				CLANG_WARN_DIRECT_OBJC_ISA_USAGE = YES_ERROR;
				CLANG_WARN_DOCUMENTATION_COMMENTS = YES;
				CLANG_WARN_EMPTY_BODY = YES;
				CLANG_WARN_ENUM_CONVERSION = YES;
				CLANG_WARN_INFINITE_RECURSION = YES;
				CLANG_WARN_INT_CONVERSION = YES;
				CLANG_WARN_NON_LITERAL_NULL_CONVERSION = YES;
				CLANG_WARN_OBJC_IMPLICIT_RETAIN_SELF = YES;
				CLANG_WARN_OBJC_LITERAL_CONVERSION = YES;
				CLANG_WARN_OBJC_ROOT_CLASS = YES_ERROR;
				CLANG_WARN_QUOTED_INCLUDE_IN_FRAMEWORK_HEADER = YES;
				CLANG_WARN_RANGE_LOOP_ANALYSIS = YES;
				CLANG_WARN_STRICT_PROTOTYPES = YES;
				CLANG_WARN_SUSPICIOUS_MOVE = YES;
				CLANG_WARN_UNGUARDED_AVAILABILITY = YES_AGGRESSIVE;
				CLANG_WARN_UNREACHABLE_CODE = YES;
				CLANG_WARN__DUPLICATE_METHOD_MATCH = YES;
				COPY_PHASE_STRIP = NO;
				DEBUG_INFORMATION_FORMAT = "dwarf-with-dsym";
				ENABLE_NS_ASSERTIONS = NO;
				ENABLE_STRICT_OBJC_MSGSEND = YES;
				GCC_C_LANGUAGE_STANDARD = gnu11;
				GCC_NO_COMMON_BLOCKS = YES;
				GCC_WARN_64_TO_32_BIT_CONVERSION = YES;
				GCC_WARN_ABOUT_RETURN_TYPE = YES_ERROR;
				GCC_WARN_UNDECLARED_SELECTOR = YES;
				GCC_WARN_UNINITIALIZED_AUTOS = YES_AGGRESSIVE;
				GCC_WARN_UNUSED_FUNCTION = YES;
				GCC_WARN_UNUSED_VARIABLE = YES;
				MTL_ENABLE_DEBUG_INFO = NO;
				MTL_FAST_MATH = YES;
				PRODUCT_NAME = "$(TARGET_NAME)";
				SWIFT_COMPILATION_MODE = wholemodule;
				SWIFT_OPTIMIZATION_LEVEL = "-O";
				SWIFT_VERSION = 5.0;
			};
			name = Release;
		};
		6DBA0DA32DA83001EB607DEA /* Debug */ = {
			isa = XCBuildConfiguration;
			buildSettings = {
				CLANG_ANALYZER_NONNULL = YES;
				CLANG_ANALYZER_NUMBER_OBJECT_CONVERSION = YES_AGGRESSIVE;
				CLANG_CXX_LANGUAGE_STANDARD = "gnu++20";
				CLANG_ENABLE_MODULES = YES;
				CLANG_ENABLE_OBJC_ARC = YES;
				CLANG_ENABLE_OBJC_WEAK = YES;
				CLANG_WARN_BLOCK_CAPTURE_AUTORELEASING = YES;
				CLANG_WARN_BOOL_CONVERSION = YES;
				CLANG_WARN_COMMA = YES;
				CLANG_WARN_CONSTANT_CONVERSION = YES;
				CLANG_WARN_DEPRECATED_OBJC_IMPLEMENTATIONS = YES;
				CLANG_WARN_DIRECT_OBJC_ISA_USAGE = YES_ERROR;
				CLANG_WARN_DOCUMENTATION_COMMENTS = YES;
				CLANG_WARN_EMPTY_BODY = YES;
				CLANG_WARN_ENUM_CONVERSION = YES;
				CLANG_WARN_INFINITE_RECURSION = YES;
				CLANG_WARN_INT_CONVERSION = YES;
				CLANG_WARN_NON_LITERAL_NULL_CONVERSION = YES;
				CLANG_WARN_OBJC_IMPLICIT_RETAIN_SELF = YES;
				CLANG_WARN_OBJC_LITERAL_CONVERSION = YES;
				CLANG_WARN_OBJC_ROOT_CLASS = YES_ERROR;
				CLANG_WARN_QUOTED_INCLUDE_IN_FRAMEWORK_HEADER = YES;
				CLANG_WARN_RANGE_LOOP_ANALYSIS = YES;
				CLANG_WARN_STRICT_PROTOTYPES = YES;
				CLANG_WARN_SUSPICIOUS_MOVE = YES;
				CLANG_WARN_UNGUARDED_AVAILABILITY = YES_AGGRESSIVE;
				CLANG_WARN_UNREACHABLE_CODE = YES;
				CLANG_WARN__DUPLICATE_METHOD_MATCH = YES;
				CODE_SIGN_STYLE = Automatic;
				COPY_PHASE_STRIP = NO;
				DEBUG_INFORMATION_FORMAT = dwarf;
				ENABLE_STRICT_OBJC_MSGSEND = YES;
				ENABLE_TESTABILITY = YES;
				GCC_C_LANGUAGE_STANDARD = gnu17;
				GCC_NO_COMMON_BLOCKS = YES;
				GCC_WARN_64_TO_32_BIT_CONVERSION = YES;
				GCC_WARN_ABOUT_RETURN_TYPE = YES_ERROR;
				GCC_WARN_UNDECLARED_SELECTOR = YES;
				GCC_WARN_UNINITIALIZED_AUTOS = YES_AGGRESSIVE;
				GCC_WARN_UNUSED_FUNCTION = YES;
				GCC_WARN_UNUSED_VARIABLE = YES;
				GENERATE_INFOPLIST_FILE = YES;
				IPHONEOS_DEPLOYMENT_TARGET = 17.0;
				PRODUCT_BUNDLE_IDENTIFIER = tools.xyzzy.mytimebuddy.tests;
				PRODUCT_NAME = "$(TARGET_NAME)";
				SDKROOT = iphoneos;
				SUPPORTED_PLATFORMS = "iphonesimulator iphoneos";
				SWIFT_VERSION = 6.0;
				TARGETED_DEVICE_FAMILY = 1;
				TEST_HOST = "$(BUILT_PRODUCTS_DIR)/MyTimeBuddy.app/$(BUNDLE_EXECUTABLE_FOLDER_PATH)/MyTimeBuddy";
			};
			name = Debug;
		};
		CDE3D17A44C60616CB74E1A8 /* Debug */ = {
			isa = XCBuildConfiguration;
			buildSettings = {
				ALWAYS_SEARCH_USER_PATHS = NO;
				CLANG_ANALYZER_NONNULL = YES;
				CLANG_ANALYZER_NUMBER_OBJECT_CONVERSION = YES_AGGRESSIVE;
				CLANG_CXX_LANGUAGE_STANDARD = "gnu++14";
				CLANG_CXX_LIBRARY = "libc++";
				CLANG_ENABLE_MODULES = YES;
				CLANG_ENABLE_OBJC_ARC = YES;
				CLANG_ENABLE_OBJC_WEAK = YES;
				CLANG_WARN_BLOCK_CAPTURE_AUTORELEASING = YES;
				CLANG_WARN_BOOL_CONVERSION = YES;
				CLANG_WARN_COMMA = YES;
				CLANG_WARN_CONSTANT_CONVERSION = YES;
				CLANG_WARN_DEPRECATED_OBJC_IMPLEMENTATIONS = YES;
				CLANG_WARN_DIRECT_OBJC_ISA_USAGE = YES_ERROR;
				CLANG_WARN_DOCUMENTATION_COMMENTS = YES;
				CLANG_WARN_EMPTY_BODY = YES;
				CLANG_WARN_ENUM_CONVERSION = YES;
				CLANG_WARN_INFINITE_RECURSION = YES;
				CLANG_WARN_INT_CONVERSION = YES;
				CLANG_WARN_NON_LITERAL_NULL_CONVERSION = YES;
				CLANG_WARN_OBJC_IMPLICIT_RETAIN_SELF = YES;
				CLANG_WARN_OBJC_LITERAL_CONVERSION = YES;
				CLANG_WARN_OBJC_ROOT_CLASS = YES_ERROR;
				CLANG_WARN_QUOTED_INCLUDE_IN_FRAMEWORK_HEADER = YES;
				CLANG_WARN_RANGE_LOOP_ANALYSIS = YES;
				CLANG_WARN_STRICT_PROTOTYPES = YES;
				CLANG_WARN_SUSPICIOUS_MOVE = YES;
				CLANG_WARN_UNGUARDED_AVAILABILITY = YES_AGGRESSIVE;
				CLANG_WARN_UNREACHABLE_CODE = YES;
				CLANG_WARN__DUPLICATE_METHOD_MATCH = YES;
				COPY_PHASE_STRIP = NO;
				DEBUG_INFORMATION_FORMAT = dwarf;
				ENABLE_STRICT_OBJC_MSGSEND = YES;
				ENABLE_TESTABILITY = YES;
				GCC_C_LANGUAGE_STANDARD = gnu11;
				GCC_DYNAMIC_NO_PIC = NO;
				GCC_NO_COMMON_BLOCKS = YES;
				GCC_OPTIMIZATION_LEVEL = 0;
				GCC_PREPROCESSOR_DEFINITIONS = (
					"DEBUG=1",
					"$(inherited)",
				);
				GCC_WARN_64_TO_32_BIT_CONVERSION = YES;
				GCC_WARN_ABOUT_RETURN_TYPE = YES_ERROR;
				GCC_WARN_UNDECLARED_SELECTOR = YES;
				GCC_WARN_UNINITIALIZED_AUTOS = YES_AGGRESSIVE;
				GCC_WARN_UNUSED_FUNCTION = YES;
				GCC_WARN_UNUSED_VARIABLE = YES;
				MTL_ENABLE_DEBUG_INFO = INCLUDE_SOURCE;
				MTL_FAST_MATH = YES;
				ONLY_ACTIVE_ARCH = YES;
				PRODUCT_NAME = "$(TARGET_NAME)";
				SWIFT_ACTIVE_COMPILATION_CONDITIONS = DEBUG;
				SWIFT_OPTIMIZATION_LEVEL = "-Onone";
				SWIFT_VERSION = 5.0;
			};
			name = Debug;
		};
		D6E1FD4850007C9C940B4431 /* Release */ = {
			isa = XCBuildConfiguration;
			buildSettings = {
				CLANG_ANALYZER_NONNULL = YES;
				CLANG_ANALYZER_NUMBER_OBJECT_CONVERSION = YES_AGGRESSIVE;
				CLANG_CXX_LANGUAGE_STANDARD = "gnu++20";
				CLANG_ENABLE_MODULES = YES;
				CLANG_ENABLE_OBJC_ARC = YES;
				CLANG_ENABLE_OBJC_WEAK = YES;
				CLANG_WARN_BLOCK_CAPTURE_AUTORELEASING = YES;
				CLANG_WARN_BOOL_CONVERSION = YES;
				CLANG_WARN_COMMA = YES;
				CLANG_WARN_CONSTANT_CONVERSION = YES;
				CLANG_WARN_DEPRECATED_OBJC_IMPLEMENTATIONS = YES;
				CLANG_WARN_DIRECT_OBJC_ISA_USAGE = YES_ERROR;
				CLANG_WARN_DOCUMENTATION_COMMENTS = YES;
				CLANG_WARN_EMPTY_BODY = YES;
				CLANG_WARN_ENUM_CONVERSION = YES;
				CLANG_WARN_INFINITE_RECURSION = YES;
				CLANG_WARN_INT_CONVERSION = YES;
				CLANG_WARN_NON_LITERAL_NULL_CONVERSION = YES;
				CLANG_WARN_OBJC_IMPLICIT_RETAIN_SELF = YES;
				CLANG_WARN_OBJC_LITERAL_CONVERSION = YES;
				CLANG_WARN_OBJC_ROOT_CLASS = YES_ERROR;
				CLANG_WARN_QUOTED_INCLUDE_IN_FRAMEWORK_HEADER = YES;
				CLANG_WARN_RANGE_LOOP_ANALYSIS = YES;
				CLANG_WARN_STRICT_PROTOTYPES = YES;
				CLANG_WARN_SUSPICIOUS_MOVE = YES;
				CLANG_WARN_UNGUARDED_AVAILABILITY = YES_AGGRESSIVE;
				CLANG_WARN_UNREACHABLE_CODE = YES;
				CLANG_WARN__DUPLICATE_METHOD_MATCH = YES;
				CODE_SIGN_STYLE = Automatic;
				COPY_PHASE_STRIP = NO;
				DEBUG_INFORMATION_FORMAT = dwarf;
				ENABLE_STRICT_OBJC_MSGSEND = YES;
				ENABLE_TESTABILITY = NO;
				GCC_C_LANGUAGE_STANDARD = gnu17;
				GCC_NO_COMMON_BLOCKS = YES;
				GCC_WARN_64_TO_32_BIT_CONVERSION = YES;
				GCC_WARN_ABOUT_RETURN_TYPE = YES_ERROR;
				GCC_WARN_UNDECLARED_SELECTOR = YES;
				GCC_WARN_UNINITIALIZED_AUTOS = YES_AGGRESSIVE;
				GCC_WARN_UNUSED_FUNCTION = YES;
				GCC_WARN_UNUSED_VARIABLE = YES;
				GENERATE_INFOPLIST_FILE = YES;
				IPHONEOS_DEPLOYMENT_TARGET = 17.0;
				PRODUCT_BUNDLE_IDENTIFIER = tools.xyzzy.mytimebuddy.tests;
				PRODUCT_NAME = "$(TARGET_NAME)";
				SDKROOT = iphoneos;
				SUPPORTED_PLATFORMS = "iphonesimulator iphoneos";
				SWIFT_VERSION = 6.0;
				TARGETED_DEVICE_FAMILY = 1;
				TEST_HOST = "$(BUILT_PRODUCTS_DIR)/MyTimeBuddy.app/$(BUNDLE_EXECUTABLE_FOLDER_PATH)/MyTimeBuddy";
				VALIDATE_PRODUCT = YES;
			};
			name = Release;
		};
/* End XCBuildConfiguration section */

/* Begin XCConfigurationList section */
		4CA23622B00171C91EE2E3AE /* Build configuration list for PBXNativeTarget "MyTimeBuddy" */ = {
			isa = XCConfigurationList;
			buildConfigurations = (
				2EACB911778777AFDB84B6D1 /* Release */,
				4FBBB1356DF51B3EDAB43F60 /* Debug */,
			);
			defaultConfigurationIsVisible = 0;
			defaultConfigurationName = Release;
		};
		C6825F54ED6AFE0F33E704CD /* Build configuration list for PBXNativeTarget "MyTimeBuddyTests" */ = {
			isa = XCConfigurationList;
			buildConfigurations = (
				D6E1FD4850007C9C940B4431 /* Release */,
				6DBA0DA32DA83001EB607DEA /* Debug */,
			);
			defaultConfigurationIsVisible = 0;
			defaultConfigurationName = Release;
		};
		D2943B83198BEA97EDD0B0F8 /* Build configuration list for PBXProject "MyTimeBuddy" */ = {
			isa = XCConfigurationList;
			buildConfigurations = (
				CDE3D17A44C60616CB74E1A8 /* Debug */,
				574F491E4D148A2F534E0A6E /* Release */,
			);
			defaultConfigurationIsVisible = 0;
			defaultConfigurationName = Release;
		};
/* End XCConfigurationList section */
	};
	rootObject = 17940DE5FE9FA486B0BAB4D9 /* Project object */;
}
